
Microsoft Visual Studio Solution File, Format Version 12.00
Project("{2150E333-8FDC-42A3-9474-1A3956D46DE8}") = "src", "src", "{734EB0E3-1658-4368-B71F-3D3D46552A93}"
EndProject
Project("{FAE04EC0-301F-11D3-BF4B-00C04F79EFBC}") = "Samples1", "src\Samples1\Samples1.csproj", "{AED1B4B2-BA9C-4A39-98E0-E3183D11854C}"
EndProject
Project("{FAE04EC0-301F-11D3-BF4B-00C04F79EFBC}") = "Samples2", "src\Samples2\Samples2.csproj", "{426F00B4-0CD4-41F6-935B-519D00DD14DA}"
EndProject
Project("{FAE04EC0-301F-11D3-BF4B-00C04F79EFBC}") = "Samples3", "src\Samples3\Samples3.csproj", "{A8CA1B24-4DEA-42DA-950C-AA6128781401}"
EndProject
Project("{2150E333-8FDC-42A3-9474-1A3956D46DE8}") = "Solution Items", "Solution Items", "{BE8212CE-0BDE-4DBA-8B9C-B5C5DFD7A0AF}"
	ProjectSection(SolutionItems) = preProject
		Directory.Build.props = Directory.Build.props
	EndProjectSection
EndProject
Project("{FAE04EC0-301F-11D3-BF4B-00C04F79EFBC}") = "Samples4", "src\Samples4\Samples4.csproj", "{170C7C84-6D18-4F28-B948-6E96962871AD}"
EndProject
Project("{FAE04EC0-301F-11D3-BF4B-00C04F79EFBC}") = "Samples5", "src\Samples5\Samples5.csproj", "{A8EE59C5-23FB-4C91-B3CD-43714E521057}"
EndProject
Project("{FAE04EC0-301F-11D3-BF4B-00C04F79EFBC}") = "Samples6", "src\Samples6\Samples6.csproj", "{300A9034-6FEF-4D46-8E5D-85B4B917B901}"
EndProject
Project("{2150E333-8FDC-42A3-9474-1A3956D46DE8}") = "Agents", "Agents", "{60B9545F-ED5E-4565-BB5E-64E03DC5A006}"
EndProject
Project("{FAE04EC0-301F-11D3-BF4B-00C04F79EFBC}") = "Agents1", "Agents\Agents1\Agents1.csproj", "{88C949F9-6523-41F2-B427-D2ED99AE4D3D}"
EndProject
Global
	GlobalSection(SolutionConfigurationPlatforms) = preSolution
		Debug|Any CPU = Debug|Any CPU
		Release|Any CPU = Release|Any CPU
	EndGlobalSection
	GlobalSection(NestedProjects) = preSolution
		{AED1B4B2-BA9C-4A39-98E0-E3183D11854C} = {734EB0E3-1658-4368-B71F-3D3D46552A93}
		{426F00B4-0CD4-41F6-935B-519D00DD14DA} = {734EB0E3-1658-4368-B71F-3D3D46552A93}
		{A8CA1B24-4DEA-42DA-950C-AA6128781401} = {734EB0E3-1658-4368-B71F-3D3D46552A93}
		{170C7C84-6D18-4F28-B948-6E96962871AD} = {734EB0E3-1658-4368-B71F-3D3D46552A93}
		{A8EE59C5-23FB-4C91-B3CD-43714E521057} = {734EB0E3-1658-4368-B71F-3D3D46552A93}
		{300A9034-6FEF-4D46-8E5D-85B4B917B901} = {734EB0E3-1658-4368-B71F-3D3D46552A93}
		{60B9545F-ED5E-4565-BB5E-64E03DC5A006} = {734EB0E3-1658-4368-B71F-3D3D46552A93}
		{88C949F9-6523-41F2-B427-D2ED99AE4D3D} = {60B9545F-ED5E-4565-BB5E-64E03DC5A006}
	EndGlobalSection
	GlobalSection(ProjectConfigurationPlatforms) = postSolution
		{AED1B4B2-BA9C-4A39-98E0-E3183D11854C}.Debug|Any CPU.ActiveCfg = Debug|Any CPU
		{AED1B4B2-BA9C-4A39-98E0-E3183D11854C}.Debug|Any CPU.Build.0 = Debug|Any CPU
		{AED1B4B2-BA9C-4A39-98E0-E3183D11854C}.Release|Any CPU.ActiveCfg = Release|Any CPU
		{AED1B4B2-BA9C-4A39-98E0-E3183D11854C}.Release|Any CPU.Build.0 = Release|Any CPU
		{426F00B4-0CD4-41F6-935B-519D00DD14DA}.Debug|Any CPU.ActiveCfg = Debug|Any CPU
		{426F00B4-0CD4-41F6-935B-519D00DD14DA}.Debug|Any CPU.Build.0 = Debug|Any CPU
		{426F00B4-0CD4-41F6-935B-519D00DD14DA}.Release|Any CPU.ActiveCfg = Release|Any CPU
		{426F00B4-0CD4-41F6-935B-519D00DD14DA}.Release|Any CPU.Build.0 = Release|Any CPU
		{A8CA1B24-4DEA-42DA-950C-AA6128781401}.Debug|Any CPU.ActiveCfg = Debug|Any CPU
		{A8CA1B24-4DEA-42DA-950C-AA6128781401}.Debug|Any CPU.Build.0 = Debug|Any CPU
		{A8CA1B24-4DEA-42DA-950C-AA6128781401}.Release|Any CPU.ActiveCfg = Release|Any CPU
		{A8CA1B24-4DEA-42DA-950C-AA6128781401}.Release|Any CPU.Build.0 = Release|Any CPU
		{170C7C84-6D18-4F28-B948-6E96962871AD}.Debug|Any CPU.ActiveCfg = Debug|Any CPU
		{170C7C84-6D18-4F28-B948-6E96962871AD}.Debug|Any CPU.Build.0 = Debug|Any CPU
		{170C7C84-6D18-4F28-B948-6E96962871AD}.Release|Any CPU.ActiveCfg = Release|Any CPU
		{170C7C84-6D18-4F28-B948-6E96962871AD}.Release|Any CPU.Build.0 = Release|Any CPU
		{A8EE59C5-23FB-4C91-B3CD-43714E521057}.Debug|Any CPU.ActiveCfg = Debug|Any CPU
		{A8EE59C5-23FB-4C91-B3CD-43714E521057}.Debug|Any CPU.Build.0 = Debug|Any CPU
		{A8EE59C5-23FB-4C91-B3CD-43714E521057}.Release|Any CPU.ActiveCfg = Release|Any CPU
		{A8EE59C5-23FB-4C91-B3CD-43714E521057}.Release|Any CPU.Build.0 = Release|Any CPU
		{300A9034-6FEF-4D46-8E5D-85B4B917B901}.Debug|Any CPU.ActiveCfg = Debug|Any CPU
		{300A9034-6FEF-4D46-8E5D-85B4B917B901}.Debug|Any CPU.Build.0 = Debug|Any CPU
		{300A9034-6FEF-4D46-8E5D-85B4B917B901}.Release|Any CPU.ActiveCfg = Release|Any CPU
		{300A9034-6FEF-4D46-8E5D-85B4B917B901}.Release|Any CPU.Build.0 = Release|Any CPU
		{88C949F9-6523-41F2-B427-D2ED99AE4D3D}.Debug|Any CPU.ActiveCfg = Debug|Any CPU
		{88C949F9-6523-41F2-B427-D2ED99AE4D3D}.Debug|Any CPU.Build.0 = Debug|Any CPU
		{88C949F9-6523-41F2-B427-D2ED99AE4D3D}.Release|Any CPU.ActiveCfg = Release|Any CPU
		{88C949F9-6523-41F2-B427-D2ED99AE4D3D}.Release|Any CPU.Build.0 = Release|Any CPU
	EndGlobalSection
EndGlobal
